
Microsoft Visual Studio Solution File, Format Version 12.00
# Visual Studio Version 17
VisualStudioVersion = 17.4.33122.133
MinimumVisualStudioVersion = 10.0.40219.1
Project("{FAE04EC0-301F-11D3-BF4B-00C04F79EFBC}") = "Reflexion", "Reflexion\Reflexion.csproj", "{0EFFC99D-0D11-49E7-88BE-49749FA39220}"
EndProject
Project("{FAE04EC0-301F-11D3-BF4B-00C04F79EFBC}") = "Generador", "Generador\Generador.csproj", "{DA4C390C-4A26-4EDD-87BB-FCF2E75C22CE}"
EndProject
Global
	GlobalSection(SolutionConfigurationPlatforms) = preSolution
		Debug|Any CPU = Debug|Any CPU
		Release|Any CPU = Release|Any CPU
	EndGlobalSection
	GlobalSection(ProjectConfigurationPlatforms) = postSolution
		{0EFFC99D-0D11-49E7-88BE-49749FA39220}.Debug|Any CPU.ActiveCfg = Debug|Any CPU
		{0EFFC99D-0D11-49E7-88BE-49749FA39220}.Debug|Any CPU.Build.0 = Debug|Any CPU
		{0EFFC99D-0D11-49E7-88BE-49749FA39220}.Release|Any CPU.ActiveCfg = Release|Any CPU
		{0EFFC99D-0D11-49E7-88BE-49749FA39220}.Release|Any CPU.Build.0 = Release|Any CPU
		{DA4C390C-4A26-4EDD-87BB-FCF2E75C22CE}.Debug|Any CPU.ActiveCfg = Debug|Any CPU
		{DA4C390C-4A26-4EDD-87BB-FCF2E75C22CE}.Debug|Any CPU.Build.0 = Debug|Any CPU
		{DA4C390C-4A26-4EDD-87BB-FCF2E75C22CE}.Release|Any CPU.ActiveCfg = Release|Any CPU
		{DA4C390C-4A26-4EDD-87BB-FCF2E75C22CE}.Release|Any CPU.Build.0 = Release|Any CPU
	EndGlobalSection
	GlobalSection(SolutionProperties) = preSolution
		HideSolutionNode = FALSE
	EndGlobalSection
	GlobalSection(ExtensibilityGlobals) = postSolution
		SolutionGuid = {AFD9AB3E-B524-4751-900F-C50F8B319A1B}
	EndGlobalSection
EndGlobal
