
Microsoft Visual Studio Solution File, Format Version 12.00
# Visual Studio Version 17
VisualStudioVersion = 17.4.33122.133
MinimumVisualStudioVersion = 10.0.40219.1
Project("{FAE04EC0-301F-11D3-BF4B-00C04F79EFBC}") = "APIClientes", "APIClientes\APIClientes.csproj", "{B45A372F-4A31-4443-B897-8B885466C9F4}"
EndProject
Global
	GlobalSection(SolutionConfigurationPlatforms) = preSolution
		Debug|Any CPU = Debug|Any CPU
		Release|Any CPU = Release|Any CPU
	EndGlobalSection
	GlobalSection(ProjectConfigurationPlatforms) = postSolution
		{B45A372F-4A31-4443-B897-8B885466C9F4}.Debug|Any CPU.ActiveCfg = Debug|Any CPU
		{B45A372F-4A31-4443-B897-8B885466C9F4}.Debug|Any CPU.Build.0 = Debug|Any CPU
		{B45A372F-4A31-4443-B897-8B885466C9F4}.Release|Any CPU.ActiveCfg = Release|Any CPU
		{B45A372F-4A31-4443-B897-8B885466C9F4}.Release|Any CPU.Build.0 = Release|Any CPU
	EndGlobalSection
	GlobalSection(SolutionProperties) = preSolution
		HideSolutionNode = FALSE
	EndGlobalSection
	GlobalSection(ExtensibilityGlobals) = postSolution
		SolutionGuid = {45E6CFE1-60FD-4C4A-AD9F-2DFE8D8526CA}
	EndGlobalSection
EndGlobal
