
Microsoft Visual Studio Solution File, Format Version 12.00
# Visual Studio Version 17
VisualStudioVersion = 17.4.33122.133
MinimumVisualStudioVersion = 10.0.40219.1
Project("{FAE04EC0-301F-11D3-BF4B-00C04F79EFBC}") = "Funciones", "Funciones\Funciones.csproj", "{31C9B73B-0CF8-4840-A571-F9774B25CEF1}"
EndProject
Global
	GlobalSection(SolutionConfigurationPlatforms) = preSolution
		Debug|Any CPU = Debug|Any CPU
		Release|Any CPU = Release|Any CPU
	EndGlobalSection
	GlobalSection(ProjectConfigurationPlatforms) = postSolution
		{31C9B73B-0CF8-4840-A571-F9774B25CEF1}.Debug|Any CPU.ActiveCfg = Debug|Any CPU
		{31C9B73B-0CF8-4840-A571-F9774B25CEF1}.Debug|Any CPU.Build.0 = Debug|Any CPU
		{31C9B73B-0CF8-4840-A571-F9774B25CEF1}.Release|Any CPU.ActiveCfg = Release|Any CPU
		{31C9B73B-0CF8-4840-A571-F9774B25CEF1}.Release|Any CPU.Build.0 = Release|Any CPU
	EndGlobalSection
	GlobalSection(SolutionProperties) = preSolution
		HideSolutionNode = FALSE
	EndGlobalSection
	GlobalSection(ExtensibilityGlobals) = postSolution
		SolutionGuid = {D4D9B193-201A-4187-B47E-ACD458259C71}
	EndGlobalSection
EndGlobal
