
Microsoft Visual Studio Solution File, Format Version 12.00
# Visual Studio Version 17
VisualStudioVersion = 17.4.33122.133
MinimumVisualStudioVersion = 10.0.40219.1
Project("{FAE04EC0-301F-11D3-BF4B-00C04F79EFBC}") = "TemasAdicionales", "TemasAdicionales\TemasAdicionales.csproj", "{4FFBA9F7-D110-4614-8DDF-57FCF509211D}"
EndProject
Project("{FAE04EC0-301F-11D3-BF4B-00C04F79EFBC}") = "API", "API\API.csproj", "{588EC45E-65DF-45C7-A13F-9D65D12FE69A}"
EndProject
Global
	GlobalSection(SolutionConfigurationPlatforms) = preSolution
		Debug|Any CPU = Debug|Any CPU
		Release|Any CPU = Release|Any CPU
	EndGlobalSection
	GlobalSection(ProjectConfigurationPlatforms) = postSolution
		{4FFBA9F7-D110-4614-8DDF-57FCF509211D}.Debug|Any CPU.ActiveCfg = Debug|Any CPU
		{4FFBA9F7-D110-4614-8DDF-57FCF509211D}.Debug|Any CPU.Build.0 = Debug|Any CPU
		{4FFBA9F7-D110-4614-8DDF-57FCF509211D}.Release|Any CPU.ActiveCfg = Release|Any CPU
		{4FFBA9F7-D110-4614-8DDF-57FCF509211D}.Release|Any CPU.Build.0 = Release|Any CPU
		{588EC45E-65DF-45C7-A13F-9D65D12FE69A}.Debug|Any CPU.ActiveCfg = Debug|Any CPU
		{588EC45E-65DF-45C7-A13F-9D65D12FE69A}.Debug|Any CPU.Build.0 = Debug|Any CPU
		{588EC45E-65DF-45C7-A13F-9D65D12FE69A}.Release|Any CPU.ActiveCfg = Release|Any CPU
		{588EC45E-65DF-45C7-A13F-9D65D12FE69A}.Release|Any CPU.Build.0 = Release|Any CPU
	EndGlobalSection
	GlobalSection(SolutionProperties) = preSolution
		HideSolutionNode = FALSE
	EndGlobalSection
	GlobalSection(ExtensibilityGlobals) = postSolution
		SolutionGuid = {E6D53BF8-2685-4A82-B33A-D715E19F83E0}
	EndGlobalSection
EndGlobal
